
Microsoft Visual Studio Solution File, Format Version 12.00
# Visual Studio Version 17
VisualStudioVersion = 17.12.35527.113
MinimumVisualStudioVersion = 10.0.40219.1
Project("{FAE04EC0-301F-11D3-BF4B-00C04F79EFBC}") = "WpfApp1", "WpfApp1.csproj", "{9ABAF226-1310-48CA-A6D3-322CDBBCE5DF}"
EndProject
Project("{FAE04EC0-301F-11D3-BF4B-00C04F79EFBC}") = "WpfApp2", "..\Task2\WpfApp2.csproj", "{BC468931-D22E-4594-9E49-ED7EED40E1EA}"
EndProject
Project("{FAE04EC0-301F-11D3-BF4B-00C04F79EFBC}") = "WpfApp3", "..\Task3\WpfApp3.csproj", "{95B3F50B-E8C0-4463-AD2F-EAE1CFB679CC}"
EndProject
Project("{FAE04EC0-301F-11D3-BF4B-00C04F79EFBC}") = "WpfApp4", "..\Task4\WpfApp4.csproj", "{1E2CB38D-FEFC-4749-A358-2897154C6FD9}"
EndProject
Global
	GlobalSection(SolutionConfigurationPlatforms) = preSolution
		Debug|Any CPU = Debug|Any CPU
		Release|Any CPU = Release|Any CPU
	EndGlobalSection
	GlobalSection(ProjectConfigurationPlatforms) = postSolution
		{9ABAF226-1310-48CA-A6D3-322CDBBCE5DF}.Debug|Any CPU.ActiveCfg = Debug|Any CPU
		{9ABAF226-1310-48CA-A6D3-322CDBBCE5DF}.Debug|Any CPU.Build.0 = Debug|Any CPU
		{9ABAF226-1310-48CA-A6D3-322CDBBCE5DF}.Release|Any CPU.ActiveCfg = Release|Any CPU
		{9ABAF226-1310-48CA-A6D3-322CDBBCE5DF}.Release|Any CPU.Build.0 = Release|Any CPU
		{BC468931-D22E-4594-9E49-ED7EED40E1EA}.Debug|Any CPU.ActiveCfg = Debug|Any CPU
		{BC468931-D22E-4594-9E49-ED7EED40E1EA}.Debug|Any CPU.Build.0 = Debug|Any CPU
		{BC468931-D22E-4594-9E49-ED7EED40E1EA}.Release|Any CPU.ActiveCfg = Release|Any CPU
		{BC468931-D22E-4594-9E49-ED7EED40E1EA}.Release|Any CPU.Build.0 = Release|Any CPU
		{95B3F50B-E8C0-4463-AD2F-EAE1CFB679CC}.Debug|Any CPU.ActiveCfg = Debug|Any CPU
		{95B3F50B-E8C0-4463-AD2F-EAE1CFB679CC}.Debug|Any CPU.Build.0 = Debug|Any CPU
		{95B3F50B-E8C0-4463-AD2F-EAE1CFB679CC}.Release|Any CPU.ActiveCfg = Release|Any CPU
		{95B3F50B-E8C0-4463-AD2F-EAE1CFB679CC}.Release|Any CPU.Build.0 = Release|Any CPU
		{1E2CB38D-FEFC-4749-A358-2897154C6FD9}.Debug|Any CPU.ActiveCfg = Debug|Any CPU
		{1E2CB38D-FEFC-4749-A358-2897154C6FD9}.Debug|Any CPU.Build.0 = Debug|Any CPU
		{1E2CB38D-FEFC-4749-A358-2897154C6FD9}.Release|Any CPU.ActiveCfg = Release|Any CPU
		{1E2CB38D-FEFC-4749-A358-2897154C6FD9}.Release|Any CPU.Build.0 = Release|Any CPU
	EndGlobalSection
	GlobalSection(SolutionProperties) = preSolution
		HideSolutionNode = FALSE
	EndGlobalSection
EndGlobal
